
Microsoft Visual Studio Solution File, Format Version 12.00
# Visual Studio Version 16
VisualStudioVersion = 16.0.32407.337
MinimumVisualStudioVersion = 10.0.40219.1
Project("{FAE04EC0-301F-11D3-BF4B-00C04F79EFBC}") = "NitroSystem.Dnn.BusinessEngine.BasicServices", "NitroSystem.Dnn.BusinessEngine.BasicServices\NitroSystem.Dnn.BusinessEngine.BasicServices.csproj", "{5631D3CE-0D04-47B0-9517-293ECD1B8DE0}"
EndProject
Project("{FAE04EC0-301F-11D3-BF4B-00C04F79EFBC}") = "NitroSystem.Dnn.BusinessEngine.BasicActions", "NitroSystem.Dnn.BusinessEngine.BasicActions\NitroSystem.Dnn.BusinessEngine.BasicActions.csproj", "{2288A8C2-8F3A-4777-B997-86AC9A00D8EB}"
EndProject
Global
	GlobalSection(SolutionConfigurationPlatforms) = preSolution
		Debug|Any CPU = Debug|Any CPU
		Release|Any CPU = Release|Any CPU
	EndGlobalSection
	GlobalSection(ProjectConfigurationPlatforms) = postSolution
		{5631D3CE-0D04-47B0-9517-293ECD1B8DE0}.Debug|Any CPU.ActiveCfg = Debug|Any CPU
		{5631D3CE-0D04-47B0-9517-293ECD1B8DE0}.Debug|Any CPU.Build.0 = Debug|Any CPU
		{5631D3CE-0D04-47B0-9517-293ECD1B8DE0}.Release|Any CPU.ActiveCfg = Release|Any CPU
		{5631D3CE-0D04-47B0-9517-293ECD1B8DE0}.Release|Any CPU.Build.0 = Release|Any CPU
		{2288A8C2-8F3A-4777-B997-86AC9A00D8EB}.Debug|Any CPU.ActiveCfg = Debug|Any CPU
		{2288A8C2-8F3A-4777-B997-86AC9A00D8EB}.Debug|Any CPU.Build.0 = Debug|Any CPU
		{2288A8C2-8F3A-4777-B997-86AC9A00D8EB}.Release|Any CPU.ActiveCfg = Release|Any CPU
		{2288A8C2-8F3A-4777-B997-86AC9A00D8EB}.Release|Any CPU.Build.0 = Release|Any CPU
	EndGlobalSection
	GlobalSection(SolutionProperties) = preSolution
		HideSolutionNode = FALSE
	EndGlobalSection
	GlobalSection(ExtensibilityGlobals) = postSolution
		SolutionGuid = {C966AA01-7E36-458F-B014-1055BAA95F76}
	EndGlobalSection
EndGlobal
